
Microsoft Visual Studio Solution File, Format Version 12.00
# Visual Studio 15
VisualStudioVersion = 15.0.28307.705
MinimumVisualStudioVersion = 10.0.40219.1
Project("{8BC9CEB8-8B4A-11D0-8D11-00A0C91BC942}") = "NCZG_01", "NCZG_01\NCZG_01.vcxproj", "{A1922D59-5B58-4E8F-8629-6116C700C322}"
EndProject
Project("{8BC9CEB8-8B4A-11D0-8D11-00A0C91BC942}") = "NCZG_02", "NCZG_02\NCZG_02.vcxproj", "{3A39915B-D995-4B12-A820-26B47B5A18C4}"
EndProject
Project("{8BC9CEB8-8B4A-11D0-8D11-00A0C91BC942}") = "中位数问题", "中位数问题\中位数问题.vcxproj", "{C0E4BDEE-DE4C-4A25-AE72-8C401645E12F}"
EndProject
Project("{8BC9CEB8-8B4A-11D0-8D11-00A0C91BC942}") = "MaxGap", "MaxGap\MaxGap.vcxproj", "{68D721F7-8BF2-4485-A187-7191503DE56A}"
EndProject
Project("{8BC9CEB8-8B4A-11D0-8D11-00A0C91BC942}") = "NCZG_03_01", "NCZG_03\NCZG_03.vcxproj", "{ED6D711F-4B9E-4781-9EDF-8DE44A403EE1}"
EndProject
Project("{8BC9CEB8-8B4A-11D0-8D11-00A0C91BC942}") = "NCZG_03_02", "NCZG_03_02\NCZG_03_02.vcxproj", "{66420985-D839-4398-840F-252F7CAA1EAF}"
EndProject
Project("{8BC9CEB8-8B4A-11D0-8D11-00A0C91BC942}") = "NCZG_04_二叉树", "NCZG_04\NCZG_04.vcxproj", "{B5159FF1-E98E-4678-AF9B-4B4A8E380EF0}"
EndProject
Project("{8BC9CEB8-8B4A-11D0-8D11-00A0C91BC942}") = "NCZG_05_第七章", "NCZG_05_第七章\NCZG_05_第七章.vcxproj", "{F01FF5FE-EEFA-4590-9007-632BC9BDF528}"
EndProject
Project("{8BC9CEB8-8B4A-11D0-8D11-00A0C91BC942}") = "NCZG_06_DP", "NCZG_06_DP\NCZG_06_DP.vcxproj", "{A80F7EF9-9F96-41ED-81AF-3B6970733C8F}"
EndProject
Global
	GlobalSection(SolutionConfigurationPlatforms) = preSolution
		Debug|x64 = Debug|x64
		Debug|x86 = Debug|x86
		Release|x64 = Release|x64
		Release|x86 = Release|x86
	EndGlobalSection
	GlobalSection(ProjectConfigurationPlatforms) = postSolution
		{A1922D59-5B58-4E8F-8629-6116C700C322}.Debug|x64.ActiveCfg = Debug|x64
		{A1922D59-5B58-4E8F-8629-6116C700C322}.Debug|x64.Build.0 = Debug|x64
		{A1922D59-5B58-4E8F-8629-6116C700C322}.Debug|x86.ActiveCfg = Debug|Win32
		{A1922D59-5B58-4E8F-8629-6116C700C322}.Debug|x86.Build.0 = Debug|Win32
		{A1922D59-5B58-4E8F-8629-6116C700C322}.Release|x64.ActiveCfg = Release|x64
		{A1922D59-5B58-4E8F-8629-6116C700C322}.Release|x64.Build.0 = Release|x64
		{A1922D59-5B58-4E8F-8629-6116C700C322}.Release|x86.ActiveCfg = Release|Win32
		{A1922D59-5B58-4E8F-8629-6116C700C322}.Release|x86.Build.0 = Release|Win32
		{3A39915B-D995-4B12-A820-26B47B5A18C4}.Debug|x64.ActiveCfg = Debug|x64
		{3A39915B-D995-4B12-A820-26B47B5A18C4}.Debug|x64.Build.0 = Debug|x64
		{3A39915B-D995-4B12-A820-26B47B5A18C4}.Debug|x86.ActiveCfg = Debug|Win32
		{3A39915B-D995-4B12-A820-26B47B5A18C4}.Debug|x86.Build.0 = Debug|Win32
		{3A39915B-D995-4B12-A820-26B47B5A18C4}.Release|x64.ActiveCfg = Release|x64
		{3A39915B-D995-4B12-A820-26B47B5A18C4}.Release|x64.Build.0 = Release|x64
		{3A39915B-D995-4B12-A820-26B47B5A18C4}.Release|x86.ActiveCfg = Release|Win32
		{3A39915B-D995-4B12-A820-26B47B5A18C4}.Release|x86.Build.0 = Release|Win32
		{C0E4BDEE-DE4C-4A25-AE72-8C401645E12F}.Debug|x64.ActiveCfg = Debug|x64
		{C0E4BDEE-DE4C-4A25-AE72-8C401645E12F}.Debug|x64.Build.0 = Debug|x64
		{C0E4BDEE-DE4C-4A25-AE72-8C401645E12F}.Debug|x86.ActiveCfg = Debug|Win32
		{C0E4BDEE-DE4C-4A25-AE72-8C401645E12F}.Debug|x86.Build.0 = Debug|Win32
		{C0E4BDEE-DE4C-4A25-AE72-8C401645E12F}.Release|x64.ActiveCfg = Release|x64
		{C0E4BDEE-DE4C-4A25-AE72-8C401645E12F}.Release|x64.Build.0 = Release|x64
		{C0E4BDEE-DE4C-4A25-AE72-8C401645E12F}.Release|x86.ActiveCfg = Release|Win32
		{C0E4BDEE-DE4C-4A25-AE72-8C401645E12F}.Release|x86.Build.0 = Release|Win32
		{68D721F7-8BF2-4485-A187-7191503DE56A}.Debug|x64.ActiveCfg = Debug|x64
		{68D721F7-8BF2-4485-A187-7191503DE56A}.Debug|x64.Build.0 = Debug|x64
		{68D721F7-8BF2-4485-A187-7191503DE56A}.Debug|x86.ActiveCfg = Debug|Win32
		{68D721F7-8BF2-4485-A187-7191503DE56A}.Debug|x86.Build.0 = Debug|Win32
		{68D721F7-8BF2-4485-A187-7191503DE56A}.Release|x64.ActiveCfg = Release|x64
		{68D721F7-8BF2-4485-A187-7191503DE56A}.Release|x64.Build.0 = Release|x64
		{68D721F7-8BF2-4485-A187-7191503DE56A}.Release|x86.ActiveCfg = Release|Win32
		{68D721F7-8BF2-4485-A187-7191503DE56A}.Release|x86.Build.0 = Release|Win32
		{ED6D711F-4B9E-4781-9EDF-8DE44A403EE1}.Debug|x64.ActiveCfg = Debug|x64
		{ED6D711F-4B9E-4781-9EDF-8DE44A403EE1}.Debug|x64.Build.0 = Debug|x64
		{ED6D711F-4B9E-4781-9EDF-8DE44A403EE1}.Debug|x86.ActiveCfg = Debug|Win32
		{ED6D711F-4B9E-4781-9EDF-8DE44A403EE1}.Debug|x86.Build.0 = Debug|Win32
		{ED6D711F-4B9E-4781-9EDF-8DE44A403EE1}.Release|x64.ActiveCfg = Release|x64
		{ED6D711F-4B9E-4781-9EDF-8DE44A403EE1}.Release|x64.Build.0 = Release|x64
		{ED6D711F-4B9E-4781-9EDF-8DE44A403EE1}.Release|x86.ActiveCfg = Release|Win32
		{ED6D711F-4B9E-4781-9EDF-8DE44A403EE1}.Release|x86.Build.0 = Release|Win32
		{66420985-D839-4398-840F-252F7CAA1EAF}.Debug|x64.ActiveCfg = Debug|x64
		{66420985-D839-4398-840F-252F7CAA1EAF}.Debug|x64.Build.0 = Debug|x64
		{66420985-D839-4398-840F-252F7CAA1EAF}.Debug|x86.ActiveCfg = Debug|Win32
		{66420985-D839-4398-840F-252F7CAA1EAF}.Debug|x86.Build.0 = Debug|Win32
		{66420985-D839-4398-840F-252F7CAA1EAF}.Release|x64.ActiveCfg = Release|x64
		{66420985-D839-4398-840F-252F7CAA1EAF}.Release|x64.Build.0 = Release|x64
		{66420985-D839-4398-840F-252F7CAA1EAF}.Release|x86.ActiveCfg = Release|Win32
		{66420985-D839-4398-840F-252F7CAA1EAF}.Release|x86.Build.0 = Release|Win32
		{B5159FF1-E98E-4678-AF9B-4B4A8E380EF0}.Debug|x64.ActiveCfg = Debug|x64
		{B5159FF1-E98E-4678-AF9B-4B4A8E380EF0}.Debug|x64.Build.0 = Debug|x64
		{B5159FF1-E98E-4678-AF9B-4B4A8E380EF0}.Debug|x86.ActiveCfg = Debug|Win32
		{B5159FF1-E98E-4678-AF9B-4B4A8E380EF0}.Debug|x86.Build.0 = Debug|Win32
		{B5159FF1-E98E-4678-AF9B-4B4A8E380EF0}.Release|x64.ActiveCfg = Release|x64
		{B5159FF1-E98E-4678-AF9B-4B4A8E380EF0}.Release|x64.Build.0 = Release|x64
		{B5159FF1-E98E-4678-AF9B-4B4A8E380EF0}.Release|x86.ActiveCfg = Release|Win32
		{B5159FF1-E98E-4678-AF9B-4B4A8E380EF0}.Release|x86.Build.0 = Release|Win32
		{F01FF5FE-EEFA-4590-9007-632BC9BDF528}.Debug|x64.ActiveCfg = Debug|x64
		{F01FF5FE-EEFA-4590-9007-632BC9BDF528}.Debug|x64.Build.0 = Debug|x64
		{F01FF5FE-EEFA-4590-9007-632BC9BDF528}.Debug|x86.ActiveCfg = Debug|Win32
		{F01FF5FE-EEFA-4590-9007-632BC9BDF528}.Debug|x86.Build.0 = Debug|Win32
		{F01FF5FE-EEFA-4590-9007-632BC9BDF528}.Release|x64.ActiveCfg = Release|x64
		{F01FF5FE-EEFA-4590-9007-632BC9BDF528}.Release|x64.Build.0 = Release|x64
		{F01FF5FE-EEFA-4590-9007-632BC9BDF528}.Release|x86.ActiveCfg = Release|Win32
		{F01FF5FE-EEFA-4590-9007-632BC9BDF528}.Release|x86.Build.0 = Release|Win32
		{A80F7EF9-9F96-41ED-81AF-3B6970733C8F}.Debug|x64.ActiveCfg = Debug|x64
		{A80F7EF9-9F96-41ED-81AF-3B6970733C8F}.Debug|x64.Build.0 = Debug|x64
		{A80F7EF9-9F96-41ED-81AF-3B6970733C8F}.Debug|x86.ActiveCfg = Debug|Win32
		{A80F7EF9-9F96-41ED-81AF-3B6970733C8F}.Debug|x86.Build.0 = Debug|Win32
		{A80F7EF9-9F96-41ED-81AF-3B6970733C8F}.Release|x64.ActiveCfg = Release|x64
		{A80F7EF9-9F96-41ED-81AF-3B6970733C8F}.Release|x64.Build.0 = Release|x64
		{A80F7EF9-9F96-41ED-81AF-3B6970733C8F}.Release|x86.ActiveCfg = Release|Win32
		{A80F7EF9-9F96-41ED-81AF-3B6970733C8F}.Release|x86.Build.0 = Release|Win32
	EndGlobalSection
	GlobalSection(SolutionProperties) = preSolution
		HideSolutionNode = FALSE
	EndGlobalSection
	GlobalSection(ExtensibilityGlobals) = postSolution
		SolutionGuid = {884F4D5B-2A63-438F-BAEB-BC23B5FC4CE4}
	EndGlobalSection
EndGlobal
