
Microsoft Visual Studio Solution File, Format Version 12.00
# Visual Studio 15
VisualStudioVersion = 15.0.28307.705
MinimumVisualStudioVersion = 10.0.40219.1
Project("{8BC9CEB8-8B4A-11D0-8D11-00A0C91BC942}") = "NCZG_01", "NCZG_01\NCZG_01.vcxproj", "{A1922D59-5B58-4E8F-8629-6116C700C322}"
EndProject
Project("{8BC9CEB8-8B4A-11D0-8D11-00A0C91BC942}") = "NCZG_02", "NCZG_02\NCZG_02.vcxproj", "{3A39915B-D995-4B12-A820-26B47B5A18C4}"
EndProject
Global
	GlobalSection(SolutionConfigurationPlatforms) = preSolution
		Debug|x64 = Debug|x64
		Debug|x86 = Debug|x86
		Release|x64 = Release|x64
		Release|x86 = Release|x86
	EndGlobalSection
	GlobalSection(ProjectConfigurationPlatforms) = postSolution
		{A1922D59-5B58-4E8F-8629-6116C700C322}.Debug|x64.ActiveCfg = Debug|x64
		{A1922D59-5B58-4E8F-8629-6116C700C322}.Debug|x64.Build.0 = Debug|x64
		{A1922D59-5B58-4E8F-8629-6116C700C322}.Debug|x86.ActiveCfg = Debug|Win32
		{A1922D59-5B58-4E8F-8629-6116C700C322}.Debug|x86.Build.0 = Debug|Win32
		{A1922D59-5B58-4E8F-8629-6116C700C322}.Release|x64.ActiveCfg = Release|x64
		{A1922D59-5B58-4E8F-8629-6116C700C322}.Release|x64.Build.0 = Release|x64
		{A1922D59-5B58-4E8F-8629-6116C700C322}.Release|x86.ActiveCfg = Release|Win32
		{A1922D59-5B58-4E8F-8629-6116C700C322}.Release|x86.Build.0 = Release|Win32
		{3A39915B-D995-4B12-A820-26B47B5A18C4}.Debug|x64.ActiveCfg = Debug|x64
		{3A39915B-D995-4B12-A820-26B47B5A18C4}.Debug|x64.Build.0 = Debug|x64
		{3A39915B-D995-4B12-A820-26B47B5A18C4}.Debug|x86.ActiveCfg = Debug|Win32
		{3A39915B-D995-4B12-A820-26B47B5A18C4}.Debug|x86.Build.0 = Debug|Win32
		{3A39915B-D995-4B12-A820-26B47B5A18C4}.Release|x64.ActiveCfg = Release|x64
		{3A39915B-D995-4B12-A820-26B47B5A18C4}.Release|x64.Build.0 = Release|x64
		{3A39915B-D995-4B12-A820-26B47B5A18C4}.Release|x86.ActiveCfg = Release|Win32
		{3A39915B-D995-4B12-A820-26B47B5A18C4}.Release|x86.Build.0 = Release|Win32
	EndGlobalSection
	GlobalSection(SolutionProperties) = preSolution
		HideSolutionNode = FALSE
	EndGlobalSection
	GlobalSection(ExtensibilityGlobals) = postSolution
		SolutionGuid = {884F4D5B-2A63-438F-BAEB-BC23B5FC4CE4}
	EndGlobalSection
EndGlobal
