
Microsoft Visual Studio Solution File, Format Version 12.00
# Visual Studio 15
VisualStudioVersion = 15.0.28307.705
MinimumVisualStudioVersion = 10.0.40219.1
Project("{8BC9CEB8-8B4A-11D0-8D11-00A0C91BC942}") = "ReplaceWords_648", "ReplaceWords_648\ReplaceWords_648.vcxproj", "{D767C8C9-C298-4B28-BF3C-76939F740456}"
EndProject
Project("{8BC9CEB8-8B4A-11D0-8D11-00A0C91BC942}") = "ImplementMagicDictionary_676", "ImplementMagicDictionary_676\ImplementMagicDictionary_676.vcxproj", "{9C60DE33-4343-462F-BE7F-283FD74E4038}"
EndProject
Global
	GlobalSection(SolutionConfigurationPlatforms) = preSolution
		Debug|x64 = Debug|x64
		Debug|x86 = Debug|x86
		Release|x64 = Release|x64
		Release|x86 = Release|x86
	EndGlobalSection
	GlobalSection(ProjectConfigurationPlatforms) = postSolution
		{D767C8C9-C298-4B28-BF3C-76939F740456}.Debug|x64.ActiveCfg = Debug|x64
		{D767C8C9-C298-4B28-BF3C-76939F740456}.Debug|x64.Build.0 = Debug|x64
		{D767C8C9-C298-4B28-BF3C-76939F740456}.Debug|x86.ActiveCfg = Debug|Win32
		{D767C8C9-C298-4B28-BF3C-76939F740456}.Debug|x86.Build.0 = Debug|Win32
		{D767C8C9-C298-4B28-BF3C-76939F740456}.Release|x64.ActiveCfg = Release|x64
		{D767C8C9-C298-4B28-BF3C-76939F740456}.Release|x64.Build.0 = Release|x64
		{D767C8C9-C298-4B28-BF3C-76939F740456}.Release|x86.ActiveCfg = Release|Win32
		{D767C8C9-C298-4B28-BF3C-76939F740456}.Release|x86.Build.0 = Release|Win32
		{9C60DE33-4343-462F-BE7F-283FD74E4038}.Debug|x64.ActiveCfg = Debug|x64
		{9C60DE33-4343-462F-BE7F-283FD74E4038}.Debug|x64.Build.0 = Debug|x64
		{9C60DE33-4343-462F-BE7F-283FD74E4038}.Debug|x86.ActiveCfg = Debug|Win32
		{9C60DE33-4343-462F-BE7F-283FD74E4038}.Debug|x86.Build.0 = Debug|Win32
		{9C60DE33-4343-462F-BE7F-283FD74E4038}.Release|x64.ActiveCfg = Release|x64
		{9C60DE33-4343-462F-BE7F-283FD74E4038}.Release|x64.Build.0 = Release|x64
		{9C60DE33-4343-462F-BE7F-283FD74E4038}.Release|x86.ActiveCfg = Release|Win32
		{9C60DE33-4343-462F-BE7F-283FD74E4038}.Release|x86.Build.0 = Release|Win32
	EndGlobalSection
	GlobalSection(SolutionProperties) = preSolution
		HideSolutionNode = FALSE
	EndGlobalSection
	GlobalSection(ExtensibilityGlobals) = postSolution
		SolutionGuid = {6A7C83E4-32CC-42F1-9366-9FC9B5038AEC}
	EndGlobalSection
EndGlobal
