
Microsoft Visual Studio Solution File, Format Version 12.00
# Visual Studio 15
VisualStudioVersion = 15.0.28307.705
MinimumVisualStudioVersion = 10.0.40219.1
Project("{8BC9CEB8-8B4A-11D0-8D11-00A0C91BC942}") = "DP", "DP\DP.vcxproj", "{0EEE8239-12E9-490D-8E67-2E81044D2E98}"
EndProject
Global
	GlobalSection(SolutionConfigurationPlatforms) = preSolution
		Debug|x64 = Debug|x64
		Debug|x86 = Debug|x86
		Release|x64 = Release|x64
		Release|x86 = Release|x86
	EndGlobalSection
	GlobalSection(ProjectConfigurationPlatforms) = postSolution
		{0EEE8239-12E9-490D-8E67-2E81044D2E98}.Debug|x64.ActiveCfg = Debug|x64
		{0EEE8239-12E9-490D-8E67-2E81044D2E98}.Debug|x64.Build.0 = Debug|x64
		{0EEE8239-12E9-490D-8E67-2E81044D2E98}.Debug|x86.ActiveCfg = Debug|Win32
		{0EEE8239-12E9-490D-8E67-2E81044D2E98}.Debug|x86.Build.0 = Debug|Win32
		{0EEE8239-12E9-490D-8E67-2E81044D2E98}.Release|x64.ActiveCfg = Release|x64
		{0EEE8239-12E9-490D-8E67-2E81044D2E98}.Release|x64.Build.0 = Release|x64
		{0EEE8239-12E9-490D-8E67-2E81044D2E98}.Release|x86.ActiveCfg = Release|Win32
		{0EEE8239-12E9-490D-8E67-2E81044D2E98}.Release|x86.Build.0 = Release|Win32
	EndGlobalSection
	GlobalSection(SolutionProperties) = preSolution
		HideSolutionNode = FALSE
	EndGlobalSection
	GlobalSection(ExtensibilityGlobals) = postSolution
		SolutionGuid = {6A2EE23C-113E-4823-8DC2-97757A330D2E}
	EndGlobalSection
EndGlobal
